
Microsoft Visual Studio Solution File, Format Version 12.00
# Visual Studio Version 16
VisualStudioVersion = 16.0.32002.261
MinimumVisualStudioVersion = 10.0.40219.1
Project("{FAE04EC0-301F-11D3-BF4B-00C04F79EFBC}") = "FileManager", "FileManager\FileManager.csproj", "{2B5C5BFE-9A22-4CAC-B8C6-0F37FC36D6E7}"
EndProject
Global
	GlobalSection(SolutionConfigurationPlatforms) = preSolution
		Debug|Any CPU = Debug|Any CPU
		Release|Any CPU = Release|Any CPU
	EndGlobalSection
	GlobalSection(ProjectConfigurationPlatforms) = postSolution
		{2B5C5BFE-9A22-4CAC-B8C6-0F37FC36D6E7}.Debug|Any CPU.ActiveCfg = Debug|Any CPU
		{2B5C5BFE-9A22-4CAC-B8C6-0F37FC36D6E7}.Debug|Any CPU.Build.0 = Debug|Any CPU
		{2B5C5BFE-9A22-4CAC-B8C6-0F37FC36D6E7}.Release|Any CPU.ActiveCfg = Release|Any CPU
		{2B5C5BFE-9A22-4CAC-B8C6-0F37FC36D6E7}.Release|Any CPU.Build.0 = Release|Any CPU
	EndGlobalSection
	GlobalSection(SolutionProperties) = preSolution
		HideSolutionNode = FALSE
	EndGlobalSection
	GlobalSection(ExtensibilityGlobals) = postSolution
		SolutionGuid = {18586029-3C50-4D81-B738-FB71343FA07B}
	EndGlobalSection
EndGlobal
